// !$*UTF8*$!
{
	archiveVersion = 1;
	classes = {
	};
	objectVersion = 51;
	objects = {

/* Begin PBXBuildFile section */
		4F11CC1424E4364600EA1419 /* LoginViewController.swift in Sources */ = {isa = PBXBuildFile; fileRef = 4F11CC1324E4364600EA1419 /* LoginViewController.swift */; };
		4F11CC1724E4396C00EA1419 /* File.swift in Sources */ = {isa = PBXBuildFile; fileRef = 4F11CC1624E4396C00EA1419 /* File.swift */; };
		4F11CC1924E439B500EA1419 /* HotelListViewController.swift in Sources */ = {isa = PBXBuildFile; fileRef = 4F11CC1824E439B500EA1419 /* HotelListViewController.swift */; };
		4F11CC1C24E43F0800EA1419 /* HotelListTableViewCell.swift in Sources */ = {isa = PBXBuildFile; fileRef = 4F11CC1B24E43F0800EA1419 /* HotelListTableViewCell.swift */; };
		4F11CC1E24E4425E00EA1419 /* HotelDetailsViewController.swift in Sources */ = {isa = PBXBuildFile; fileRef = 4F11CC1D24E4425E00EA1419 /* HotelDetailsViewController.swift */; };
		4F11CC2024E448AF00EA1419 /* HotelLocationViewController.swift in Sources */ = {isa = PBXBuildFile; fileRef = 4F11CC1F24E448AF00EA1419 /* HotelLocationViewController.swift */; };
		4F11CC2424E450B900EA1419 /* HeaderHelper.swift in Sources */ = {isa = PBXBuildFile; fileRef = 4F11CC2324E450B900EA1419 /* HeaderHelper.swift */; };
		4F11CC2724E450C100EA1419 /* RequestHelpers.swift in Sources */ = {isa = PBXBuildFile; fileRef = 4F11CC2524E450C000EA1419 /* RequestHelpers.swift */; };
		4F11CC2824E450C100EA1419 /* RequestUrls.swift in Sources */ = {isa = PBXBuildFile; fileRef = 4F11CC2624E450C100EA1419 /* RequestUrls.swift */; };
		4F13E23A24E4523200B3D06B /* HotelViewModel.swift in Sources */ = {isa = PBXBuildFile; fileRef = 4F13E23924E4523200B3D06B /* HotelViewModel.swift */; };
		4F13E23C24E453B000B3D06B /* HotelModel.swift in Sources */ = {isa = PBXBuildFile; fileRef = 4F13E23B24E453B000B3D06B /* HotelModel.swift */; };
		4F7A72BB24E434CE0012A788 /* AppDelegate.swift in Sources */ = {isa = PBXBuildFile; fileRef = 4F7A72BA24E434CE0012A788 /* AppDelegate.swift */; };
		4F7A72BD24E434CE0012A788 /* SceneDelegate.swift in Sources */ = {isa = PBXBuildFile; fileRef = 4F7A72BC24E434CE0012A788 /* SceneDelegate.swift */; };
		4F7A72BF24E434CE0012A788 /* ViewController.swift in Sources */ = {isa = PBXBuildFile; fileRef = 4F7A72BE24E434CE0012A788 /* ViewController.swift */; };
		4F7A72C224E434CE0012A788 /* Main.storyboard in Resources */ = {isa = PBXBuildFile; fileRef = 4F7A72C024E434CE0012A788 /* Main.storyboard */; };
		4F7A72C524E434CE0012A788 /* ElegantMediaiOSPracticalAssignment.xcdatamodeld in Sources */ = {isa = PBXBuildFile; fileRef = 4F7A72C324E434CE0012A788 /* ElegantMediaiOSPracticalAssignment.xcdatamodeld */; };
		4F7A72C724E434D00012A788 /* Assets.xcassets in Resources */ = {isa = PBXBuildFile; fileRef = 4F7A72C624E434D00012A788 /* Assets.xcassets */; };
		4F7A72CA24E434D00012A788 /* LaunchScreen.storyboard in Resources */ = {isa = PBXBuildFile; fileRef = 4F7A72C824E434D00012A788 /* LaunchScreen.storyboard */; };
		4F7A72D524E434D00012A788 /* ElegantMediaiOSPracticalAssignmentTests.swift in Sources */ = {isa = PBXBuildFile; fileRef = 4F7A72D424E434D00012A788 /* ElegantMediaiOSPracticalAssignmentTests.swift */; };
		4F7A72E024E434D00012A788 /* ElegantMediaiOSPracticalAssignmentUITests.swift in Sources */ = {isa = PBXBuildFile; fileRef = 4F7A72DF24E434D00012A788 /* ElegantMediaiOSPracticalAssignmentUITests.swift */; };
		6EEAC2DF0FFD14737F061D25 /* Pods_ElegantMediaiOSPracticalAssignment.framework in Frameworks */ = {isa = PBXBuildFile; fileRef = 83999719FCD8063AC9296651 /* Pods_ElegantMediaiOSPracticalAssignment.framework */; };
		8FCC801951E940C1406BCDBA /* Pods_ElegantMediaiOSPracticalAssignmentTests.framework in Frameworks */ = {isa = PBXBuildFile; fileRef = 48316B739ADEFF916709938A /* Pods_ElegantMediaiOSPracticalAssignmentTests.framework */; };
		E814D525E22EEF0D15B82EE4 /* Pods_ElegantMediaiOSPracticalAssignment_ElegantMediaiOSPracticalAssignmentUITests.framework in Frameworks */ = {isa = PBXBuildFile; fileRef = EE13F236D60353134B03FC8D /* Pods_ElegantMediaiOSPracticalAssignment_ElegantMediaiOSPracticalAssignmentUITests.framework */; };
/* End PBXBuildFile section */

/* Begin PBXContainerItemProxy section */
		4F7A72D124E434D00012A788 /* PBXContainerItemProxy */ = {
			isa = PBXContainerItemProxy;
			containerPortal = 4F7A72AF24E434CD0012A788 /* Project object */;
			proxyType = 1;
			remoteGlobalIDString = 4F7A72B624E434CD0012A788;
			remoteInfo = ElegantMediaiOSPracticalAssignment;
		};
		4F7A72DC24E434D00012A788 /* PBXContainerItemProxy */ = {
			isa = PBXContainerItemProxy;
			containerPortal = 4F7A72AF24E434CD0012A788 /* Project object */;
			proxyType = 1;
			remoteGlobalIDString = 4F7A72B624E434CD0012A788;
			remoteInfo = ElegantMediaiOSPracticalAssignment;
		};
/* End PBXContainerItemProxy section */

/* Begin PBXFileReference section */
		01D5E2D2FA71B1A60745901D /* Pods-ElegantMediaiOSPracticalAssignment-ElegantMediaiOSPracticalAssignmentUITests.release.xcconfig */ = {isa = PBXFileReference; includeInIndex = 1; lastKnownFileType = text.xcconfig; name = "Pods-ElegantMediaiOSPracticalAssignment-ElegantMediaiOSPracticalAssignmentUITests.release.xcconfig"; path = "Target Support Files/Pods-ElegantMediaiOSPracticalAssignment-ElegantMediaiOSPracticalAssignmentUITests/Pods-ElegantMediaiOSPracticalAssignment-ElegantMediaiOSPracticalAssignmentUITests.release.xcconfig"; sourceTree = "<group>"; };
		48316B739ADEFF916709938A /* Pods_ElegantMediaiOSPracticalAssignmentTests.framework */ = {isa = PBXFileReference; explicitFileType = wrapper.framework; includeInIndex = 0; path = Pods_ElegantMediaiOSPracticalAssignmentTests.framework; sourceTree = BUILT_PRODUCTS_DIR; };
		4F11CC1324E4364600EA1419 /* LoginViewController.swift */ = {isa = PBXFileReference; lastKnownFileType = sourcecode.swift; path = LoginViewController.swift; sourceTree = "<group>"; };
		4F11CC1624E4396C00EA1419 /* File.swift */ = {isa = PBXFileReference; lastKnownFileType = sourcecode.swift; path = File.swift; sourceTree = "<group>"; };
		4F11CC1824E439B500EA1419 /* HotelListViewController.swift */ = {isa = PBXFileReference; lastKnownFileType = sourcecode.swift; path = HotelListViewController.swift; sourceTree = "<group>"; };
		4F11CC1B24E43F0800EA1419 /* HotelListTableViewCell.swift */ = {isa = PBXFileReference; lastKnownFileType = sourcecode.swift; path = HotelListTableViewCell.swift; sourceTree = "<group>"; };
		4F11CC1D24E4425E00EA1419 /* HotelDetailsViewController.swift */ = {isa = PBXFileReference; lastKnownFileType = sourcecode.swift; path = HotelDetailsViewController.swift; sourceTree = "<group>"; };
		4F11CC1F24E448AF00EA1419 /* HotelLocationViewController.swift */ = {isa = PBXFileReference; lastKnownFileType = sourcecode.swift; path = HotelLocationViewController.swift; sourceTree = "<group>"; };
		4F11CC2324E450B900EA1419 /* HeaderHelper.swift */ = {isa = PBXFileReference; fileEncoding = 4; lastKnownFileType = sourcecode.swift; path = HeaderHelper.swift; sourceTree = "<group>"; };
		4F11CC2524E450C000EA1419 /* RequestHelpers.swift */ = {isa = PBXFileReference; fileEncoding = 4; lastKnownFileType = sourcecode.swift; path = RequestHelpers.swift; sourceTree = "<group>"; };
		4F11CC2624E450C100EA1419 /* RequestUrls.swift */ = {isa = PBXFileReference; fileEncoding = 4; lastKnownFileType = sourcecode.swift; path = RequestUrls.swift; sourceTree = "<group>"; };
		4F13E23924E4523200B3D06B /* HotelViewModel.swift */ = {isa = PBXFileReference; lastKnownFileType = sourcecode.swift; path = HotelViewModel.swift; sourceTree = "<group>"; };
		4F13E23B24E453B000B3D06B /* HotelModel.swift */ = {isa = PBXFileReference; lastKnownFileType = sourcecode.swift; path = HotelModel.swift; sourceTree = "<group>"; };
		4F7A72B724E434CD0012A788 /* ElegantMediaiOSPracticalAssignment.app */ = {isa = PBXFileReference; explicitFileType = wrapper.application; includeInIndex = 0; path = ElegantMediaiOSPracticalAssignment.app; sourceTree = BUILT_PRODUCTS_DIR; };
		4F7A72BA24E434CE0012A788 /* AppDelegate.swift */ = {isa = PBXFileReference; lastKnownFileType = sourcecode.swift; path = AppDelegate.swift; sourceTree = "<group>"; };
		4F7A72BC24E434CE0012A788 /* SceneDelegate.swift */ = {isa = PBXFileReference; lastKnownFileType = sourcecode.swift; path = SceneDelegate.swift; sourceTree = "<group>"; };
		4F7A72BE24E434CE0012A788 /* ViewController.swift */ = {isa = PBXFileReference; lastKnownFileType = sourcecode.swift; path = ViewController.swift; sourceTree = "<group>"; };
		4F7A72C124E434CE0012A788 /* Base */ = {isa = PBXFileReference; lastKnownFileType = file.storyboard; name = Base; path = Base.lproj/Main.storyboard; sourceTree = "<group>"; };
		4F7A72C424E434CE0012A788 /* ElegantMediaiOSPracticalAssignment.xcdatamodel */ = {isa = PBXFileReference; lastKnownFileType = wrapper.xcdatamodel; path = ElegantMediaiOSPracticalAssignment.xcdatamodel; sourceTree = "<group>"; };
		4F7A72C624E434D00012A788 /* Assets.xcassets */ = {isa = PBXFileReference; lastKnownFileType = folder.assetcatalog; path = Assets.xcassets; sourceTree = "<group>"; };
		4F7A72C924E434D00012A788 /* Base */ = {isa = PBXFileReference; lastKnownFileType = file.storyboard; name = Base; path = Base.lproj/LaunchScreen.storyboard; sourceTree = "<group>"; };
		4F7A72CB24E434D00012A788 /* Info.plist */ = {isa = PBXFileReference; lastKnownFileType = text.plist.xml; path = Info.plist; sourceTree = "<group>"; };
		4F7A72D024E434D00012A788 /* ElegantMediaiOSPracticalAssignmentTests.xctest */ = {isa = PBXFileReference; explicitFileType = wrapper.cfbundle; includeInIndex = 0; path = ElegantMediaiOSPracticalAssignmentTests.xctest; sourceTree = BUILT_PRODUCTS_DIR; };
		4F7A72D424E434D00012A788 /* ElegantMediaiOSPracticalAssignmentTests.swift */ = {isa = PBXFileReference; lastKnownFileType = sourcecode.swift; path = ElegantMediaiOSPracticalAssignmentTests.swift; sourceTree = "<group>"; };
		4F7A72D624E434D00012A788 /* Info.plist */ = {isa = PBXFileReference; lastKnownFileType = text.plist.xml; path = Info.plist; sourceTree = "<group>"; };
		4F7A72DB24E434D00012A788 /* ElegantMediaiOSPracticalAssignmentUITests.xctest */ = {isa = PBXFileReference; explicitFileType = wrapper.cfbundle; includeInIndex = 0; path = ElegantMediaiOSPracticalAssignmentUITests.xctest; sourceTree = BUILT_PRODUCTS_DIR; };
		4F7A72DF24E434D00012A788 /* ElegantMediaiOSPracticalAssignmentUITests.swift */ = {isa = PBXFileReference; lastKnownFileType = sourcecode.swift; path = ElegantMediaiOSPracticalAssignmentUITests.swift; sourceTree = "<group>"; };
		4F7A72E124E434D00012A788 /* Info.plist */ = {isa = PBXFileReference; lastKnownFileType = text.plist.xml; path = Info.plist; sourceTree = "<group>"; };
		6F1E4CA21215F7F4A9563922 /* Pods-ElegantMediaiOSPracticalAssignmentTests.release.xcconfig */ = {isa = PBXFileReference; includeInIndex = 1; lastKnownFileType = text.xcconfig; name = "Pods-ElegantMediaiOSPracticalAssignmentTests.release.xcconfig"; path = "Target Support Files/Pods-ElegantMediaiOSPracticalAssignmentTests/Pods-ElegantMediaiOSPracticalAssignmentTests.release.xcconfig"; sourceTree = "<group>"; };
		7E5C7757F9BDC4E99F039EB4 /* Pods-ElegantMediaiOSPracticalAssignment-ElegantMediaiOSPracticalAssignmentUITests.debug.xcconfig */ = {isa = PBXFileReference; includeInIndex = 1; lastKnownFileType = text.xcconfig; name = "Pods-ElegantMediaiOSPracticalAssignment-ElegantMediaiOSPracticalAssignmentUITests.debug.xcconfig"; path = "Target Support Files/Pods-ElegantMediaiOSPracticalAssignment-ElegantMediaiOSPracticalAssignmentUITests/Pods-ElegantMediaiOSPracticalAssignment-ElegantMediaiOSPracticalAssignmentUITests.debug.xcconfig"; sourceTree = "<group>"; };
		83999719FCD8063AC9296651 /* Pods_ElegantMediaiOSPracticalAssignment.framework */ = {isa = PBXFileReference; explicitFileType = wrapper.framework; includeInIndex = 0; path = Pods_ElegantMediaiOSPracticalAssignment.framework; sourceTree = BUILT_PRODUCTS_DIR; };
		91A7136706D9C2EA9F7FC971 /* Pods-ElegantMediaiOSPracticalAssignmentTests.debug.xcconfig */ = {isa = PBXFileReference; includeInIndex = 1; lastKnownFileType = text.xcconfig; name = "Pods-ElegantMediaiOSPracticalAssignmentTests.debug.xcconfig"; path = "Target Support Files/Pods-ElegantMediaiOSPracticalAssignmentTests/Pods-ElegantMediaiOSPracticalAssignmentTests.debug.xcconfig"; sourceTree = "<group>"; };
		97F462523AF8C2C2652F3F7E /* Pods-ElegantMediaiOSPracticalAssignment.debug.xcconfig */ = {isa = PBXFileReference; includeInIndex = 1; lastKnownFileType = text.xcconfig; name = "Pods-ElegantMediaiOSPracticalAssignment.debug.xcconfig"; path = "Target Support Files/Pods-ElegantMediaiOSPracticalAssignment/Pods-ElegantMediaiOSPracticalAssignment.debug.xcconfig"; sourceTree = "<group>"; };
		DE9BAA59C30648264C7B3744 /* Pods-ElegantMediaiOSPracticalAssignment.release.xcconfig */ = {isa = PBXFileReference; includeInIndex = 1; lastKnownFileType = text.xcconfig; name = "Pods-ElegantMediaiOSPracticalAssignment.release.xcconfig"; path = "Target Support Files/Pods-ElegantMediaiOSPracticalAssignment/Pods-ElegantMediaiOSPracticalAssignment.release.xcconfig"; sourceTree = "<group>"; };
		EE13F236D60353134B03FC8D /* Pods_ElegantMediaiOSPracticalAssignment_ElegantMediaiOSPracticalAssignmentUITests.framework */ = {isa = PBXFileReference; explicitFileType = wrapper.framework; includeInIndex = 0; path = Pods_ElegantMediaiOSPracticalAssignment_ElegantMediaiOSPracticalAssignmentUITests.framework; sourceTree = BUILT_PRODUCTS_DIR; };
/* End PBXFileReference section */

/* Begin PBXFrameworksBuildPhase section */
		4F7A72B424E434CD0012A788 /* Frameworks */ = {
			isa = PBXFrameworksBuildPhase;
			buildActionMask = 2147483647;
			files = (
				6EEAC2DF0FFD14737F061D25 /* Pods_ElegantMediaiOSPracticalAssignment.framework in Frameworks */,
			);
			runOnlyForDeploymentPostprocessing = 0;
		};
		4F7A72CD24E434D00012A788 /* Frameworks */ = {
			isa = PBXFrameworksBuildPhase;
			buildActionMask = 2147483647;
			files = (
				8FCC801951E940C1406BCDBA /* Pods_ElegantMediaiOSPracticalAssignmentTests.framework in Frameworks */,
			);
			runOnlyForDeploymentPostprocessing = 0;
		};
		4F7A72D824E434D00012A788 /* Frameworks */ = {
			isa = PBXFrameworksBuildPhase;
			buildActionMask = 2147483647;
			files = (
				E814D525E22EEF0D15B82EE4 /* Pods_ElegantMediaiOSPracticalAssignment_ElegantMediaiOSPracticalAssignmentUITests.framework in Frameworks */,
			);
			runOnlyForDeploymentPostprocessing = 0;
		};
/* End PBXFrameworksBuildPhase section */

/* Begin PBXGroup section */
		4F11CC0E24E4361000EA1419 /* View */ = {
			isa = PBXGroup;
			children = (
				4F11CC1224E4362C00EA1419 /* Components */,
				4F11CC1124E4362500EA1419 /* Controllers */,
			);
			path = View;
			sourceTree = "<group>";
		};
		4F11CC0F24E4361A00EA1419 /* Model */ = {
			isa = PBXGroup;
			children = (
				4F13E23B24E453B000B3D06B /* HotelModel.swift */,
			);
			path = Model;
			sourceTree = "<group>";
		};
		4F11CC1024E4361F00EA1419 /* ViewModel */ = {
			isa = PBXGroup;
			children = (
				4F13E23924E4523200B3D06B /* HotelViewModel.swift */,
			);
			path = ViewModel;
			sourceTree = "<group>";
		};
		4F11CC1124E4362500EA1419 /* Controllers */ = {
			isa = PBXGroup;
			children = (
				4F11CC1324E4364600EA1419 /* LoginViewController.swift */,
				4F11CC1824E439B500EA1419 /* HotelListViewController.swift */,
				4F11CC1D24E4425E00EA1419 /* HotelDetailsViewController.swift */,
				4F11CC1F24E448AF00EA1419 /* HotelLocationViewController.swift */,
			);
			path = Controllers;
			sourceTree = "<group>";
		};
		4F11CC1224E4362C00EA1419 /* Components */ = {
			isa = PBXGroup;
			children = (
				4F11CC1A24E43EF600EA1419 /* HotelListTableViewCell */,
			);
			path = Components;
			sourceTree = "<group>";
		};
		4F11CC1524E4395E00EA1419 /* Constrain */ = {
			isa = PBXGroup;
			children = (
				4F11CC1624E4396C00EA1419 /* File.swift */,
			);
			path = Constrain;
			sourceTree = "<group>";
		};
		4F11CC1A24E43EF600EA1419 /* HotelListTableViewCell */ = {
			isa = PBXGroup;
			children = (
				4F11CC1B24E43F0800EA1419 /* HotelListTableViewCell.swift */,
			);
			path = HotelListTableViewCell;
			sourceTree = "<group>";
		};
		4F11CC2124E4503C00EA1419 /* Services */ = {
			isa = PBXGroup;
			children = (
				4F11CC2324E450B900EA1419 /* HeaderHelper.swift */,
				4F11CC2524E450C000EA1419 /* RequestHelpers.swift */,
				4F11CC2624E450C100EA1419 /* RequestUrls.swift */,
			);
			path = Services;
			sourceTree = "<group>";
		};
		4F7A72AE24E434CD0012A788 = {
			isa = PBXGroup;
			children = (
				4F7A72B924E434CD0012A788 /* ElegantMediaiOSPracticalAssignment */,
				4F7A72D324E434D00012A788 /* ElegantMediaiOSPracticalAssignmentTests */,
				4F7A72DE24E434D00012A788 /* ElegantMediaiOSPracticalAssignmentUITests */,
				4F7A72B824E434CD0012A788 /* Products */,
				9FECC514B96FFCA8A26B9FF4 /* Pods */,
				AF16D5DC2D6538531D10A663 /* Frameworks */,
			);
			sourceTree = "<group>";
		};
		4F7A72B824E434CD0012A788 /* Products */ = {
			isa = PBXGroup;
			children = (
				4F7A72B724E434CD0012A788 /* ElegantMediaiOSPracticalAssignment.app */,
				4F7A72D024E434D00012A788 /* ElegantMediaiOSPracticalAssignmentTests.xctest */,
				4F7A72DB24E434D00012A788 /* ElegantMediaiOSPracticalAssignmentUITests.xctest */,
			);
			name = Products;
			sourceTree = "<group>";
		};
		4F7A72B924E434CD0012A788 /* ElegantMediaiOSPracticalAssignment */ = {
			isa = PBXGroup;
			children = (
				4F11CC2124E4503C00EA1419 /* Services */,
				4F11CC1524E4395E00EA1419 /* Constrain */,
				4F11CC1024E4361F00EA1419 /* ViewModel */,
				4F11CC0F24E4361A00EA1419 /* Model */,
				4F11CC0E24E4361000EA1419 /* View */,
				4F7A72BA24E434CE0012A788 /* AppDelegate.swift */,
				4F7A72BC24E434CE0012A788 /* SceneDelegate.swift */,
				4F7A72BE24E434CE0012A788 /* ViewController.swift */,
				4F7A72C024E434CE0012A788 /* Main.storyboard */,
				4F7A72C624E434D00012A788 /* Assets.xcassets */,
				4F7A72C824E434D00012A788 /* LaunchScreen.storyboard */,
				4F7A72CB24E434D00012A788 /* Info.plist */,
				4F7A72C324E434CE0012A788 /* ElegantMediaiOSPracticalAssignment.xcdatamodeld */,
			);
			path = ElegantMediaiOSPracticalAssignment;
			sourceTree = "<group>";
		};
		4F7A72D324E434D00012A788 /* ElegantMediaiOSPracticalAssignmentTests */ = {
			isa = PBXGroup;
			children = (
				4F7A72D424E434D00012A788 /* ElegantMediaiOSPracticalAssignmentTests.swift */,
				4F7A72D624E434D00012A788 /* Info.plist */,
			);
			path = ElegantMediaiOSPracticalAssignmentTests;
			sourceTree = "<group>";
		};
		4F7A72DE24E434D00012A788 /* ElegantMediaiOSPracticalAssignmentUITests */ = {
			isa = PBXGroup;
			children = (
				4F7A72DF24E434D00012A788 /* ElegantMediaiOSPracticalAssignmentUITests.swift */,
				4F7A72E124E434D00012A788 /* Info.plist */,
			);
			path = ElegantMediaiOSPracticalAssignmentUITests;
			sourceTree = "<group>";
		};
		9FECC514B96FFCA8A26B9FF4 /* Pods */ = {
			isa = PBXGroup;
			children = (
				97F462523AF8C2C2652F3F7E /* Pods-ElegantMediaiOSPracticalAssignment.debug.xcconfig */,
				DE9BAA59C30648264C7B3744 /* Pods-ElegantMediaiOSPracticalAssignment.release.xcconfig */,
				7E5C7757F9BDC4E99F039EB4 /* Pods-ElegantMediaiOSPracticalAssignment-ElegantMediaiOSPracticalAssignmentUITests.debug.xcconfig */,
				01D5E2D2FA71B1A60745901D /* Pods-ElegantMediaiOSPracticalAssignment-ElegantMediaiOSPracticalAssignmentUITests.release.xcconfig */,
				91A7136706D9C2EA9F7FC971 /* Pods-ElegantMediaiOSPracticalAssignmentTests.debug.xcconfig */,
				6F1E4CA21215F7F4A9563922 /* Pods-ElegantMediaiOSPracticalAssignmentTests.release.xcconfig */,
			);
			path = Pods;
			sourceTree = "<group>";
		};
		AF16D5DC2D6538531D10A663 /* Frameworks */ = {
			isa = PBXGroup;
			children = (
				83999719FCD8063AC9296651 /* Pods_ElegantMediaiOSPracticalAssignment.framework */,
				EE13F236D60353134B03FC8D /* Pods_ElegantMediaiOSPracticalAssignment_ElegantMediaiOSPracticalAssignmentUITests.framework */,
				48316B739ADEFF916709938A /* Pods_ElegantMediaiOSPracticalAssignmentTests.framework */,
			);
			name = Frameworks;
			sourceTree = "<group>";
		};
/* End PBXGroup section */

/* Begin PBXNativeTarget section */
		4F7A72B624E434CD0012A788 /* ElegantMediaiOSPracticalAssignment */ = {
			isa = PBXNativeTarget;
			buildConfigurationList = 4F7A72E424E434D00012A788 /* Build configuration list for PBXNativeTarget "ElegantMediaiOSPracticalAssignment" */;
			buildPhases = (
				9086C71BEE1505610A812658 /* [CP] Check Pods Manifest.lock */,
				4F7A72B324E434CD0012A788 /* Sources */,
				4F7A72B424E434CD0012A788 /* Frameworks */,
				4F7A72B524E434CD0012A788 /* Resources */,
				03420597AF2B91D71C12DF44 /* [CP] Embed Pods Frameworks */,
			);
			buildRules = (
			);
			dependencies = (
			);
			name = ElegantMediaiOSPracticalAssignment;
			productName = ElegantMediaiOSPracticalAssignment;
			productReference = 4F7A72B724E434CD0012A788 /* ElegantMediaiOSPracticalAssignment.app */;
			productType = "com.apple.product-type.application";
		};
		4F7A72CF24E434D00012A788 /* ElegantMediaiOSPracticalAssignmentTests */ = {
			isa = PBXNativeTarget;
			buildConfigurationList = 4F7A72E724E434D00012A788 /* Build configuration list for PBXNativeTarget "ElegantMediaiOSPracticalAssignmentTests" */;
			buildPhases = (
				98B8CF36C1BEE42942813468 /* [CP] Check Pods Manifest.lock */,
				4F7A72CC24E434D00012A788 /* Sources */,
				4F7A72CD24E434D00012A788 /* Frameworks */,
				4F7A72CE24E434D00012A788 /* Resources */,
			);
			buildRules = (
			);
			dependencies = (
				4F7A72D224E434D00012A788 /* PBXTargetDependency */,
			);
			name = ElegantMediaiOSPracticalAssignmentTests;
			productName = ElegantMediaiOSPracticalAssignmentTests;
			productReference = 4F7A72D024E434D00012A788 /* ElegantMediaiOSPracticalAssignmentTests.xctest */;
			productType = "com.apple.product-type.bundle.unit-test";
		};
		4F7A72DA24E434D00012A788 /* ElegantMediaiOSPracticalAssignmentUITests */ = {
			isa = PBXNativeTarget;
			buildConfigurationList = 4F7A72EA24E434D00012A788 /* Build configuration list for PBXNativeTarget "ElegantMediaiOSPracticalAssignmentUITests" */;
			buildPhases = (
				FFD022E90ABD35AE060C0B43 /* [CP] Check Pods Manifest.lock */,
				4F7A72D724E434D00012A788 /* Sources */,
				4F7A72D824E434D00012A788 /* Frameworks */,
				4F7A72D924E434D00012A788 /* Resources */,
				A00BDA491682D8C5FA22D929 /* [CP] Embed Pods Frameworks */,
			);
			buildRules = (
			);
			dependencies = (
				4F7A72DD24E434D00012A788 /* PBXTargetDependency */,
			);
			name = ElegantMediaiOSPracticalAssignmentUITests;
			productName = ElegantMediaiOSPracticalAssignmentUITests;
			productReference = 4F7A72DB24E434D00012A788 /* ElegantMediaiOSPracticalAssignmentUITests.xctest */;
			productType = "com.apple.product-type.bundle.ui-testing";
		};
/* End PBXNativeTarget section */

/* Begin PBXProject section */
		4F7A72AF24E434CD0012A788 /* Project object */ = {
			isa = PBXProject;
			attributes = {
				LastSwiftUpdateCheck = 1150;
				LastUpgradeCheck = 1150;
				ORGANIZATIONNAME = "Achsuthan Mahendran";
				TargetAttributes = {
					4F7A72B624E434CD0012A788 = {
						CreatedOnToolsVersion = 11.5;
					};
					4F7A72CF24E434D00012A788 = {
						CreatedOnToolsVersion = 11.5;
						TestTargetID = 4F7A72B624E434CD0012A788;
					};
					4F7A72DA24E434D00012A788 = {
						CreatedOnToolsVersion = 11.5;
						TestTargetID = 4F7A72B624E434CD0012A788;
					};
				};
			};
			buildConfigurationList = 4F7A72B224E434CD0012A788 /* Build configuration list for PBXProject "ElegantMediaiOSPracticalAssignment" */;
			compatibilityVersion = "Xcode 9.3";
			developmentRegion = en;
			hasScannedForEncodings = 0;
			knownRegions = (
				en,
				Base,
			);
			mainGroup = 4F7A72AE24E434CD0012A788;
			productRefGroup = 4F7A72B824E434CD0012A788 /* Products */;
			projectDirPath = "";
			projectRoot = "";
			targets = (
				4F7A72B624E434CD0012A788 /* ElegantMediaiOSPracticalAssignment */,
				4F7A72CF24E434D00012A788 /* ElegantMediaiOSPracticalAssignmentTests */,
				4F7A72DA24E434D00012A788 /* ElegantMediaiOSPracticalAssignmentUITests */,
			);
		};
/* End PBXProject section */

/* Begin PBXResourcesBuildPhase section */
		4F7A72B524E434CD0012A788 /* Resources */ = {
			isa = PBXResourcesBuildPhase;
			buildActionMask = 2147483647;
			files = (
				4F7A72CA24E434D00012A788 /* LaunchScreen.storyboard in Resources */,
				4F7A72C724E434D00012A788 /* Assets.xcassets in Resources */,
				4F7A72C224E434CE0012A788 /* Main.storyboard in Resources */,
			);
			runOnlyForDeploymentPostprocessing = 0;
		};
		4F7A72CE24E434D00012A788 /* Resources */ = {
			isa = PBXResourcesBuildPhase;
			buildActionMask = 2147483647;
			files = (
			);
			runOnlyForDeploymentPostprocessing = 0;
		};
		4F7A72D924E434D00012A788 /* Resources */ = {
			isa = PBXResourcesBuildPhase;
			buildActionMask = 2147483647;
			files = (
			);
			runOnlyForDeploymentPostprocessing = 0;
		};
/* End PBXResourcesBuildPhase section */

/* Begin PBXShellScriptBuildPhase section */
		03420597AF2B91D71C12DF44 /* [CP] Embed Pods Frameworks */ = {
			isa = PBXShellScriptBuildPhase;
			buildActionMask = 2147483647;
			files = (
			);
			inputFileListPaths = (
				"${PODS_ROOT}/Target Support Files/Pods-ElegantMediaiOSPracticalAssignment/Pods-ElegantMediaiOSPracticalAssignment-frameworks-${CONFIGURATION}-input-files.xcfilelist",
			);
			name = "[CP] Embed Pods Frameworks";
			outputFileListPaths = (
				"${PODS_ROOT}/Target Support Files/Pods-ElegantMediaiOSPracticalAssignment/Pods-ElegantMediaiOSPracticalAssignment-frameworks-${CONFIGURATION}-output-files.xcfilelist",
			);
			runOnlyForDeploymentPostprocessing = 0;
			shellPath = /bin/sh;
			shellScript = "\"${PODS_ROOT}/Target Support Files/Pods-ElegantMediaiOSPracticalAssignment/Pods-ElegantMediaiOSPracticalAssignment-frameworks.sh\"\n";
			showEnvVarsInLog = 0;
		};
		9086C71BEE1505610A812658 /* [CP] Check Pods Manifest.lock */ = {
			isa = PBXShellScriptBuildPhase;
			buildActionMask = 2147483647;
			files = (
			);
			inputFileListPaths = (
			);
			inputPaths = (
				"${PODS_PODFILE_DIR_PATH}/Podfile.lock",
				"${PODS_ROOT}/Manifest.lock",
			);
			name = "[CP] Check Pods Manifest.lock";
			outputFileListPaths = (
			);
			outputPaths = (
				"$(DERIVED_FILE_DIR)/Pods-ElegantMediaiOSPracticalAssignment-checkManifestLockResult.txt",
			);
			runOnlyForDeploymentPostprocessing = 0;
			shellPath = /bin/sh;
			shellScript = "diff \"${PODS_PODFILE_DIR_PATH}/Podfile.lock\" \"${PODS_ROOT}/Manifest.lock\" > /dev/null\nif [ $? != 0 ] ; then\n    # print error to STDERR\n    echo \"error: The sandbox is not in sync with the Podfile.lock. Run 'pod install' or update your CocoaPods installation.\" >&2\n    exit 1\nfi\n# This output is used by Xcode 'outputs' to avoid re-running this script phase.\necho \"SUCCESS\" > \"${SCRIPT_OUTPUT_FILE_0}\"\n";
			showEnvVarsInLog = 0;
		};
		98B8CF36C1BEE42942813468 /* [CP] Check Pods Manifest.lock */ = {
			isa = PBXShellScriptBuildPhase;
			buildActionMask = 2147483647;
			files = (
			);
			inputFileListPaths = (
			);
			inputPaths = (
				"${PODS_PODFILE_DIR_PATH}/Podfile.lock",
				"${PODS_ROOT}/Manifest.lock",
			);
			name = "[CP] Check Pods Manifest.lock";
			outputFileListPaths = (
			);
			outputPaths = (
				"$(DERIVED_FILE_DIR)/Pods-ElegantMediaiOSPracticalAssignmentTests-checkManifestLockResult.txt",
			);
			runOnlyForDeploymentPostprocessing = 0;
			shellPath = /bin/sh;
			shellScript = "diff \"${PODS_PODFILE_DIR_PATH}/Podfile.lock\" \"${PODS_ROOT}/Manifest.lock\" > /dev/null\nif [ $? != 0 ] ; then\n    # print error to STDERR\n    echo \"error: The sandbox is not in sync with the Podfile.lock. Run 'pod install' or update your CocoaPods installation.\" >&2\n    exit 1\nfi\n# This output is used by Xcode 'outputs' to avoid re-running this script phase.\necho \"SUCCESS\" > \"${SCRIPT_OUTPUT_FILE_0}\"\n";
			showEnvVarsInLog = 0;
		};
		A00BDA491682D8C5FA22D929 /* [CP] Embed Pods Frameworks */ = {
			isa = PBXShellScriptBuildPhase;
			buildActionMask = 2147483647;
			files = (
			);
			inputFileListPaths = (
				"${PODS_ROOT}/Target Support Files/Pods-ElegantMediaiOSPracticalAssignment-ElegantMediaiOSPracticalAssignmentUITests/Pods-ElegantMediaiOSPracticalAssignment-ElegantMediaiOSPracticalAssignmentUITests-frameworks-${CONFIGURATION}-input-files.xcfilelist",
			);
			name = "[CP] Embed Pods Frameworks";
			outputFileListPaths = (
				"${PODS_ROOT}/Target Support Files/Pods-ElegantMediaiOSPracticalAssignment-ElegantMediaiOSPracticalAssignmentUITests/Pods-ElegantMediaiOSPracticalAssignment-ElegantMediaiOSPracticalAssignmentUITests-frameworks-${CONFIGURATION}-output-files.xcfilelist",
			);
			runOnlyForDeploymentPostprocessing = 0;
			shellPath = /bin/sh;
			shellScript = "\"${PODS_ROOT}/Target Support Files/Pods-ElegantMediaiOSPracticalAssignment-ElegantMediaiOSPracticalAssignmentUITests/Pods-ElegantMediaiOSPracticalAssignment-ElegantMediaiOSPracticalAssignmentUITests-frameworks.sh\"\n";
			showEnvVarsInLog = 0;
		};
		FFD022E90ABD35AE060C0B43 /* [CP] Check Pods Manifest.lock */ = {
			isa = PBXShellScriptBuildPhase;
			buildActionMask = 2147483647;
			files = (
			);
			inputFileListPaths = (
			);
			inputPaths = (
				"${PODS_PODFILE_DIR_PATH}/Podfile.lock",
				"${PODS_ROOT}/Manifest.lock",
			);
			name = "[CP] Check Pods Manifest.lock";
			outputFileListPaths = (
			);
			outputPaths = (
				"$(DERIVED_FILE_DIR)/Pods-ElegantMediaiOSPracticalAssignment-ElegantMediaiOSPracticalAssignmentUITests-checkManifestLockResult.txt",
			);
			runOnlyForDeploymentPostprocessing = 0;
			shellPath = /bin/sh;
			shellScript = "diff \"${PODS_PODFILE_DIR_PATH}/Podfile.lock\" \"${PODS_ROOT}/Manifest.lock\" > /dev/null\nif [ $? != 0 ] ; then\n    # print error to STDERR\n    echo \"error: The sandbox is not in sync with the Podfile.lock. Run 'pod install' or update your CocoaPods installation.\" >&2\n    exit 1\nfi\n# This output is used by Xcode 'outputs' to avoid re-running this script phase.\necho \"SUCCESS\" > \"${SCRIPT_OUTPUT_FILE_0}\"\n";
			showEnvVarsInLog = 0;
		};
/* End PBXShellScriptBuildPhase section */

/* Begin PBXSourcesBuildPhase section */
		4F7A72B324E434CD0012A788 /* Sources */ = {
			isa = PBXSourcesBuildPhase;
			buildActionMask = 2147483647;
			files = (
				4F11CC2024E448AF00EA1419 /* HotelLocationViewController.swift in Sources */,
				4F11CC2824E450C100EA1419 /* RequestUrls.swift in Sources */,
				4F7A72BF24E434CE0012A788 /* ViewController.swift in Sources */,
				4F11CC1724E4396C00EA1419 /* File.swift in Sources */,
				4F11CC2724E450C100EA1419 /* RequestHelpers.swift in Sources */,
				4F13E23A24E4523200B3D06B /* HotelViewModel.swift in Sources */,
				4F11CC1C24E43F0800EA1419 /* HotelListTableViewCell.swift in Sources */,
				4F7A72BB24E434CE0012A788 /* AppDelegate.swift in Sources */,
				4F7A72C524E434CE0012A788 /* ElegantMediaiOSPracticalAssignment.xcdatamodeld in Sources */,
				4F11CC1424E4364600EA1419 /* LoginViewController.swift in Sources */,
				4F13E23C24E453B000B3D06B /* HotelModel.swift in Sources */,
				4F11CC2424E450B900EA1419 /* HeaderHelper.swift in Sources */,
				4F11CC1924E439B500EA1419 /* HotelListViewController.swift in Sources */,
				4F7A72BD24E434CE0012A788 /* SceneDelegate.swift in Sources */,
				4F11CC1E24E4425E00EA1419 /* HotelDetailsViewController.swift in Sources */,
			);
			runOnlyForDeploymentPostprocessing = 0;
		};
		4F7A72CC24E434D00012A788 /* Sources */ = {
			isa = PBXSourcesBuildPhase;
			buildActionMask = 2147483647;
			files = (
				4F7A72D524E434D00012A788 /* ElegantMediaiOSPracticalAssignmentTests.swift in Sources */,
			);
			runOnlyForDeploymentPostprocessing = 0;
		};
		4F7A72D724E434D00012A788 /* Sources */ = {
			isa = PBXSourcesBuildPhase;
			buildActionMask = 2147483647;
			files = (
				4F7A72E024E434D00012A788 /* ElegantMediaiOSPracticalAssignmentUITests.swift in Sources */,
			);
			runOnlyForDeploymentPostprocessing = 0;
		};
/* End PBXSourcesBuildPhase section */

/* Begin PBXTargetDependency section */
		4F7A72D224E434D00012A788 /* PBXTargetDependency */ = {
			isa = PBXTargetDependency;
			target = 4F7A72B624E434CD0012A788 /* ElegantMediaiOSPracticalAssignment */;
			targetProxy = 4F7A72D124E434D00012A788 /* PBXContainerItemProxy */;
		};
		4F7A72DD24E434D00012A788 /* PBXTargetDependency */ = {
			isa = PBXTargetDependency;
			target = 4F7A72B624E434CD0012A788 /* ElegantMediaiOSPracticalAssignment */;
			targetProxy = 4F7A72DC24E434D00012A788 /* PBXContainerItemProxy */;
		};
/* End PBXTargetDependency section */

/* Begin PBXVariantGroup section */
		4F7A72C024E434CE0012A788 /* Main.storyboard */ = {
			isa = PBXVariantGroup;
			children = (
				4F7A72C124E434CE0012A788 /* Base */,
			);
			name = Main.storyboard;
			sourceTree = "<group>";
		};
		4F7A72C824E434D00012A788 /* LaunchScreen.storyboard */ = {
			isa = PBXVariantGroup;
			children = (
				4F7A72C924E434D00012A788 /* Base */,
			);
			name = LaunchScreen.storyboard;
			sourceTree = "<group>";
		};
/* End PBXVariantGroup section */

/* Begin XCBuildConfiguration section */
		4F7A72E224E434D00012A788 /* Debug */ = {
			isa = XCBuildConfiguration;
			buildSettings = {
				ALWAYS_SEARCH_USER_PATHS = NO;
				CLANG_ANALYZER_NONNULL = YES;
				CLANG_ANALYZER_NUMBER_OBJECT_CONVERSION = YES_AGGRESSIVE;
				CLANG_CXX_LANGUAGE_STANDARD = "gnu++14";
				CLANG_CXX_LIBRARY = "libc++";
				CLANG_ENABLE_MODULES = YES;
				CLANG_ENABLE_OBJC_ARC = YES;
				CLANG_ENABLE_OBJC_WEAK = YES;
				CLANG_WARN_BLOCK_CAPTURE_AUTORELEASING = YES;
				CLANG_WARN_BOOL_CONVERSION = YES;
				CLANG_WARN_COMMA = YES;
				CLANG_WARN_CONSTANT_CONVERSION = YES;
				CLANG_WARN_DEPRECATED_OBJC_IMPLEMENTATIONS = YES;
				CLANG_WARN_DIRECT_OBJC_ISA_USAGE = YES_ERROR;
				CLANG_WARN_DOCUMENTATION_COMMENTS = YES;
				CLANG_WARN_EMPTY_BODY = YES;
				CLANG_WARN_ENUM_CONVERSION = YES;
				CLANG_WARN_INFINITE_RECURSION = YES;
				CLANG_WARN_INT_CONVERSION = YES;
				CLANG_WARN_NON_LITERAL_NULL_CONVERSION = YES;
				CLANG_WARN_OBJC_IMPLICIT_RETAIN_SELF = YES;
				CLANG_WARN_OBJC_LITERAL_CONVERSION = YES;
				CLANG_WARN_OBJC_ROOT_CLASS = YES_ERROR;
				CLANG_WARN_RANGE_LOOP_ANALYSIS = YES;
				CLANG_WARN_STRICT_PROTOTYPES = YES;
				CLANG_WARN_SUSPICIOUS_MOVE = YES;
				CLANG_WARN_UNGUARDED_AVAILABILITY = YES_AGGRESSIVE;
				CLANG_WARN_UNREACHABLE_CODE = YES;
				CLANG_WARN__DUPLICATE_METHOD_MATCH = YES;
				COPY_PHASE_STRIP = NO;
				DEBUG_INFORMATION_FORMAT = dwarf;
				ENABLE_STRICT_OBJC_MSGSEND = YES;
				ENABLE_TESTABILITY = YES;
				GCC_C_LANGUAGE_STANDARD = gnu11;
				GCC_DYNAMIC_NO_PIC = NO;
				GCC_NO_COMMON_BLOCKS = YES;
				GCC_OPTIMIZATION_LEVEL = 0;
				GCC_PREPROCESSOR_DEFINITIONS = (
					"DEBUG=1",
					"$(inherited)",
				);
				GCC_WARN_64_TO_32_BIT_CONVERSION = YES;
				GCC_WARN_ABOUT_RETURN_TYPE = YES_ERROR;
				GCC_WARN_UNDECLARED_SELECTOR = YES;
				GCC_WARN_UNINITIALIZED_AUTOS = YES_AGGRESSIVE;
				GCC_WARN_UNUSED_FUNCTION = YES;
				GCC_WARN_UNUSED_VARIABLE = YES;
				IPHONEOS_DEPLOYMENT_TARGET = 13.5;
				MTL_ENABLE_DEBUG_INFO = INCLUDE_SOURCE;
				MTL_FAST_MATH = YES;
				ONLY_ACTIVE_ARCH = YES;
				SDKROOT = iphoneos;
				SWIFT_ACTIVE_COMPILATION_CONDITIONS = DEBUG;
				SWIFT_OPTIMIZATION_LEVEL = "-Onone";
			};
			name = Debug;
		};
		4F7A72E324E434D00012A788 /* Release */ = {
			isa = XCBuildConfiguration;
			buildSettings = {
				ALWAYS_SEARCH_USER_PATHS = NO;
				CLANG_ANALYZER_NONNULL = YES;
				CLANG_ANALYZER_NUMBER_OBJECT_CONVERSION = YES_AGGRESSIVE;
				CLANG_CXX_LANGUAGE_STANDARD = "gnu++14";
				CLANG_CXX_LIBRARY = "libc++";
				CLANG_ENABLE_MODULES = YES;
				CLANG_ENABLE_OBJC_ARC = YES;
				CLANG_ENABLE_OBJC_WEAK = YES;
				CLANG_WARN_BLOCK_CAPTURE_AUTORELEASING = YES;
				CLANG_WARN_BOOL_CONVERSION = YES;
				CLANG_WARN_COMMA = YES;
				CLANG_WARN_CONSTANT_CONVERSION = YES;
				CLANG_WARN_DEPRECATED_OBJC_IMPLEMENTATIONS = YES;
				CLANG_WARN_DIRECT_OBJC_ISA_USAGE = YES_ERROR;
				CLANG_WARN_DOCUMENTATION_COMMENTS = YES;
				CLANG_WARN_EMPTY_BODY = YES;
				CLANG_WARN_ENUM_CONVERSION = YES;
				CLANG_WARN_INFINITE_RECURSION = YES;
				CLANG_WARN_INT_CONVERSION = YES;
				CLANG_WARN_NON_LITERAL_NULL_CONVERSION = YES;
				CLANG_WARN_OBJC_IMPLICIT_RETAIN_SELF = YES;
				CLANG_WARN_OBJC_LITERAL_CONVERSION = YES;
				CLANG_WARN_OBJC_ROOT_CLASS = YES_ERROR;
				CLANG_WARN_RANGE_LOOP_ANALYSIS = YES;
				CLANG_WARN_STRICT_PROTOTYPES = YES;
				CLANG_WARN_SUSPICIOUS_MOVE = YES;
				CLANG_WARN_UNGUARDED_AVAILABILITY = YES_AGGRESSIVE;
				CLANG_WARN_UNREACHABLE_CODE = YES;
				CLANG_WARN__DUPLICATE_METHOD_MATCH = YES;
				COPY_PHASE_STRIP = NO;
				DEBUG_INFORMATION_FORMAT = "dwarf-with-dsym";
				ENABLE_NS_ASSERTIONS = NO;
				ENABLE_STRICT_OBJC_MSGSEND = YES;
				GCC_C_LANGUAGE_STANDARD = gnu11;
				GCC_NO_COMMON_BLOCKS = YES;
				GCC_WARN_64_TO_32_BIT_CONVERSION = YES;
				GCC_WARN_ABOUT_RETURN_TYPE = YES_ERROR;
				GCC_WARN_UNDECLARED_SELECTOR = YES;
				GCC_WARN_UNINITIALIZED_AUTOS = YES_AGGRESSIVE;
				GCC_WARN_UNUSED_FUNCTION = YES;
				GCC_WARN_UNUSED_VARIABLE = YES;
				IPHONEOS_DEPLOYMENT_TARGET = 13.5;
				MTL_ENABLE_DEBUG_INFO = NO;
				MTL_FAST_MATH = YES;
				SDKROOT = iphoneos;
				SWIFT_COMPILATION_MODE = wholemodule;
				SWIFT_OPTIMIZATION_LEVEL = "-O";
				VALIDATE_PRODUCT = YES;
			};
			name = Release;
		};
		4F7A72E524E434D00012A788 /* Debug */ = {
			isa = XCBuildConfiguration;
			baseConfigurationReference = 97F462523AF8C2C2652F3F7E /* Pods-ElegantMediaiOSPracticalAssignment.debug.xcconfig */;
			buildSettings = {
				ASSETCATALOG_COMPILER_APPICON_NAME = AppIcon;
				CODE_SIGN_STYLE = Automatic;
				DEVELOPMENT_TEAM = L8H9WUUCH6;
				INFOPLIST_FILE = ElegantMediaiOSPracticalAssignment/Info.plist;
				LD_RUNPATH_SEARCH_PATHS = (
					"$(inherited)",
					"@executable_path/Frameworks",
				);
				PRODUCT_BUNDLE_IDENTIFIER = com.achsuthan.ElegantMediaiOSPracticalAssignment;
				PRODUCT_NAME = "$(TARGET_NAME)";
				SWIFT_VERSION = 5.0;
				TARGETED_DEVICE_FAMILY = "1,2";
			};
			name = Debug;
		};
		4F7A72E624E434D00012A788 /* Release */ = {
			isa = XCBuildConfiguration;
			baseConfigurationReference = DE9BAA59C30648264C7B3744 /* Pods-ElegantMediaiOSPracticalAssignment.release.xcconfig */;
			buildSettings = {
				ASSETCATALOG_COMPILER_APPICON_NAME = AppIcon;
				CODE_SIGN_STYLE = Automatic;
				DEVELOPMENT_TEAM = L8H9WUUCH6;
				INFOPLIST_FILE = ElegantMediaiOSPracticalAssignment/Info.plist;
				LD_RUNPATH_SEARCH_PATHS = (
					"$(inherited)",
					"@executable_path/Frameworks",
				);
				PRODUCT_BUNDLE_IDENTIFIER = com.achsuthan.ElegantMediaiOSPracticalAssignment;
				PRODUCT_NAME = "$(TARGET_NAME)";
				SWIFT_VERSION = 5.0;
				TARGETED_DEVICE_FAMILY = "1,2";
			};
			name = Release;
		};
		4F7A72E824E434D00012A788 /* Debug */ = {
			isa = XCBuildConfiguration;
			baseConfigurationReference = 91A7136706D9C2EA9F7FC971 /* Pods-ElegantMediaiOSPracticalAssignmentTests.debug.xcconfig */;
			buildSettings = {
				ALWAYS_EMBED_SWIFT_STANDARD_LIBRARIES = YES;
				BUNDLE_LOADER = "$(TEST_HOST)";
				CODE_SIGN_STYLE = Automatic;
				DEVELOPMENT_TEAM = L8H9WUUCH6;
				INFOPLIST_FILE = ElegantMediaiOSPracticalAssignmentTests/Info.plist;
				IPHONEOS_DEPLOYMENT_TARGET = 13.5;
				LD_RUNPATH_SEARCH_PATHS = (
					"$(inherited)",
					"@executable_path/Frameworks",
					"@loader_path/Frameworks",
				);
				PRODUCT_BUNDLE_IDENTIFIER = com.achsuthan.ElegantMediaiOSPracticalAssignmentTests;
				PRODUCT_NAME = "$(TARGET_NAME)";
				SWIFT_VERSION = 5.0;
				TARGETED_DEVICE_FAMILY = "1,2";
				TEST_HOST = "$(BUILT_PRODUCTS_DIR)/ElegantMediaiOSPracticalAssignment.app/ElegantMediaiOSPracticalAssignment";
			};
			name = Debug;
		};
		4F7A72E924E434D00012A788 /* Release */ = {
			isa = XCBuildConfiguration;
			baseConfigurationReference = 6F1E4CA21215F7F4A9563922 /* Pods-ElegantMediaiOSPracticalAssignmentTests.release.xcconfig */;
			buildSettings = {
				ALWAYS_EMBED_SWIFT_STANDARD_LIBRARIES = YES;
				BUNDLE_LOADER = "$(TEST_HOST)";
				CODE_SIGN_STYLE = Automatic;
				DEVELOPMENT_TEAM = L8H9WUUCH6;
				INFOPLIST_FILE = ElegantMediaiOSPracticalAssignmentTests/Info.plist;
				IPHONEOS_DEPLOYMENT_TARGET = 13.5;
				LD_RUNPATH_SEARCH_PATHS = (
					"$(inherited)",
					"@executable_path/Frameworks",
					"@loader_path/Frameworks",
				);
				PRODUCT_BUNDLE_IDENTIFIER = com.achsuthan.ElegantMediaiOSPracticalAssignmentTests;
				PRODUCT_NAME = "$(TARGET_NAME)";
				SWIFT_VERSION = 5.0;
				TARGETED_DEVICE_FAMILY = "1,2";
				TEST_HOST = "$(BUILT_PRODUCTS_DIR)/ElegantMediaiOSPracticalAssignment.app/ElegantMediaiOSPracticalAssignment";
			};
			name = Release;
		};
		4F7A72EB24E434D00012A788 /* Debug */ = {
			isa = XCBuildConfiguration;
			baseConfigurationReference = 7E5C7757F9BDC4E99F039EB4 /* Pods-ElegantMediaiOSPracticalAssignment-ElegantMediaiOSPracticalAssignmentUITests.debug.xcconfig */;
			buildSettings = {
				ALWAYS_EMBED_SWIFT_STANDARD_LIBRARIES = YES;
				CODE_SIGN_STYLE = Automatic;
				DEVELOPMENT_TEAM = L8H9WUUCH6;
				INFOPLIST_FILE = ElegantMediaiOSPracticalAssignmentUITests/Info.plist;
				LD_RUNPATH_SEARCH_PATHS = (
					"$(inherited)",
					"@executable_path/Frameworks",
					"@loader_path/Frameworks",
				);
				PRODUCT_BUNDLE_IDENTIFIER = com.achsuthan.ElegantMediaiOSPracticalAssignmentUITests;
				PRODUCT_NAME = "$(TARGET_NAME)";
				SWIFT_VERSION = 5.0;
				TARGETED_DEVICE_FAMILY = "1,2";
				TEST_TARGET_NAME = ElegantMediaiOSPracticalAssignment;
			};
			name = Debug;
		};
		4F7A72EC24E434D00012A788 /* Release */ = {
			isa = XCBuildConfiguration;
			baseConfigurationReference = 01D5E2D2FA71B1A60745901D /* Pods-ElegantMediaiOSPracticalAssignment-ElegantMediaiOSPracticalAssignmentUITests.release.xcconfig */;
			buildSettings = {
				ALWAYS_EMBED_SWIFT_STANDARD_LIBRARIES = YES;
				CODE_SIGN_STYLE = Automatic;
				DEVELOPMENT_TEAM = L8H9WUUCH6;
				INFOPLIST_FILE = ElegantMediaiOSPracticalAssignmentUITests/Info.plist;
				LD_RUNPATH_SEARCH_PATHS = (
					"$(inherited)",
					"@executable_path/Frameworks",
					"@loader_path/Frameworks",
				);
				PRODUCT_BUNDLE_IDENTIFIER = com.achsuthan.ElegantMediaiOSPracticalAssignmentUITests;
				PRODUCT_NAME = "$(TARGET_NAME)";
				SWIFT_VERSION = 5.0;
				TARGETED_DEVICE_FAMILY = "1,2";
				TEST_TARGET_NAME = ElegantMediaiOSPracticalAssignment;
			};
			name = Release;
		};
/* End XCBuildConfiguration section */

/* Begin XCConfigurationList section */
		4F7A72B224E434CD0012A788 /* Build configuration list for PBXProject "ElegantMediaiOSPracticalAssignment" */ = {
			isa = XCConfigurationList;
			buildConfigurations = (
				4F7A72E224E434D00012A788 /* Debug */,
				4F7A72E324E434D00012A788 /* Release */,
			);
			defaultConfigurationIsVisible = 0;
			defaultConfigurationName = Release;
		};
		4F7A72E424E434D00012A788 /* Build configuration list for PBXNativeTarget "ElegantMediaiOSPracticalAssignment" */ = {
			isa = XCConfigurationList;
			buildConfigurations = (
				4F7A72E524E434D00012A788 /* Debug */,
				4F7A72E624E434D00012A788 /* Release */,
			);
			defaultConfigurationIsVisible = 0;
			defaultConfigurationName = Release;
		};
		4F7A72E724E434D00012A788 /* Build configuration list for PBXNativeTarget "ElegantMediaiOSPracticalAssignmentTests" */ = {
			isa = XCConfigurationList;
			buildConfigurations = (
				4F7A72E824E434D00012A788 /* Debug */,
				4F7A72E924E434D00012A788 /* Release */,
			);
			defaultConfigurationIsVisible = 0;
			defaultConfigurationName = Release;
		};
		4F7A72EA24E434D00012A788 /* Build configuration list for PBXNativeTarget "ElegantMediaiOSPracticalAssignmentUITests" */ = {
			isa = XCConfigurationList;
			buildConfigurations = (
				4F7A72EB24E434D00012A788 /* Debug */,
				4F7A72EC24E434D00012A788 /* Release */,
			);
			defaultConfigurationIsVisible = 0;
			defaultConfigurationName = Release;
		};
/* End XCConfigurationList section */

/* Begin XCVersionGroup section */
		4F7A72C324E434CE0012A788 /* ElegantMediaiOSPracticalAssignment.xcdatamodeld */ = {
			isa = XCVersionGroup;
			children = (
				4F7A72C424E434CE0012A788 /* ElegantMediaiOSPracticalAssignment.xcdatamodel */,
			);
			currentVersion = 4F7A72C424E434CE0012A788 /* ElegantMediaiOSPracticalAssignment.xcdatamodel */;
			path = ElegantMediaiOSPracticalAssignment.xcdatamodeld;
			sourceTree = "<group>";
			versionGroupType = wrapper.xcdatamodel;
		};
/* End XCVersionGroup section */
	};
	rootObject = 4F7A72AF24E434CD0012A788 /* Project object */;
}
